// !$*UTF8*$!
{
	archiveVersion = 1;
	classes = {
	};
	objectVersion = 77;
	objects = {

/* Begin PBXContainerItemProxy section */
		EC4EADFE2D9810890056CD88 /* PBXContainerItemProxy */ = {
			isa = PBXContainerItemProxy;
			containerPortal = EC4EADE52D9810880056CD88 /* Project object */;
			proxyType = 1;
			remoteGlobalIDString = EC4EADEC2D9810880056CD88;
			remoteInfo = LastWeight;
		};
		EC4EAE082D9810890056CD88 /* PBXContainerItemProxy */ = {
			isa = PBXContainerItemProxy;
			containerPortal = EC4EADE52D9810880056CD88 /* Project object */;
			proxyType = 1;
			remoteGlobalIDString = EC4EADEC2D9810880056CD88;
			remoteInfo = LastWeight;
		};
/* End PBXContainerItemProxy section */

/* Begin PBXFileReference section */
		EC4EADED2D9810880056CD88 /* LastWeight.app */ = {isa = PBXFileReference; explicitFileType = wrapper.application; includeInIndex = 0; path = LastWeight.app; sourceTree = BUILT_PRODUCTS_DIR; };
		EC4EADFD2D9810890056CD88 /* LastWeightTests.xctest */ = {isa = PBXFileReference; explicitFileType = wrapper.cfbundle; includeInIndex = 0; path = LastWeightTests.xctest; sourceTree = BUILT_PRODUCTS_DIR; };
		EC4EAE072D9810890056CD88 /* LastWeightUITests.xctest */ = {isa = PBXFileReference; explicitFileType = wrapper.cfbundle; includeInIndex = 0; path = LastWeightUITests.xctest; sourceTree = BUILT_PRODUCTS_DIR; };
/* End PBXFileReference section */

/* Begin PBXFileSystemSynchronizedBuildFileExceptionSet section */
		EC83594C2D98125E007F7DD7 /* Exceptions for "LastWeight" folder in "LastWeight" target */ = {
			isa = PBXFileSystemSynchronizedBuildFileExceptionSet;
			membershipExceptions = (
				Info.plist,
			);
			target = EC4EADEC2D9810880056CD88 /* LastWeight */;
		};
/* End PBXFileSystemSynchronizedBuildFileExceptionSet section */

/* Begin PBXFileSystemSynchronizedRootGroup section */
		EC4EADEF2D9810880056CD88 /* LastWeight */ = {
			isa = PBXFileSystemSynchronizedRootGroup;
			exceptions = (
				EC83594C2D98125E007F7DD7 /* Exceptions for "LastWeight" folder in "LastWeight" target */,
			);
			path = LastWeight;
			sourceTree = "<group>";
		};
		EC4EAE002D9810890056CD88 /* LastWeightTests */ = {
			isa = PBXFileSystemSynchronizedRootGroup;
			path = LastWeightTests;
			sourceTree = "<group>";
		};
		EC4EAE0A2D9810890056CD88 /* LastWeightUITests */ = {
			isa = PBXFileSystemSynchronizedRootGroup;
			path = LastWeightUITests;
			sourceTree = "<group>";
		};
/* End PBXFileSystemSynchronizedRootGroup section */

/* Begin PBXFrameworksBuildPhase section */
		EC4EADEA2D9810880056CD88 /* Frameworks */ = {
			isa = PBXFrameworksBuildPhase;
			buildActionMask = 2147483647;
			files = (
			);
			runOnlyForDeploymentPostprocessing = 0;
		};
		EC4EADFA2D9810890056CD88 /* Frameworks */ = {
			isa = PBXFrameworksBuildPhase;
			buildActionMask = 2147483647;
			files = (
			);
			runOnlyForDeploymentPostprocessing = 0;
		};
		EC4EAE042D9810890056CD88 /* Frameworks */ = {
			isa = PBXFrameworksBuildPhase;
			buildActionMask = 2147483647;
			files = (
			);
			runOnlyForDeploymentPostprocessing = 0;
		};
/* End PBXFrameworksBuildPhase section */

/* Begin PBXGroup section */
		EC4EADE42D9810880056CD88 = {
			isa = PBXGroup;
			children = (
				EC4EADEF2D9810880056CD88 /* LastWeight */,
				EC4EAE002D9810890056CD88 /* LastWeightTests */,
				EC4EAE0A2D9810890056CD88 /* LastWeightUITests */,
				EC4EADEE2D9810880056CD88 /* Products */,
			);
			sourceTree = "<group>";
		};
		EC4EADEE2D9810880056CD88 /* Products */ = {
			isa = PBXGroup;
			children = (
				EC4EADED2D9810880056CD88 /* LastWeight.app */,
				EC4EADFD2D9810890056CD88 /* LastWeightTests.xctest */,
				EC4EAE072D9810890056CD88 /* LastWeightUITests.xctest */,
			);
			name = Products;
			sourceTree = "<group>";
		};
/* End PBXGroup section */

/* Begin PBXNativeTarget section */
		EC4EADEC2D9810880056CD88 /* LastWeight */ = {
			isa = PBXNativeTarget;
			buildConfigurationList = EC4EAE112D9810890056CD88 /* Build configuration list for PBXNativeTarget "LastWeight" */;
			buildPhases = (
				EC4EADE92D9810880056CD88 /* Sources */,
				EC4EADEA2D9810880056CD88 /* Frameworks */,
				EC4EADEB2D9810880056CD88 /* Resources */,
			);
			buildRules = (
			);
			dependencies = (
			);
			fileSystemSynchronizedGroups = (
				EC4EADEF2D9810880056CD88 /* LastWeight */,
			);
			name = LastWeight;
			packageProductDependencies = (
			);
			productName = LastWeight;
			productReference = EC4EADED2D9810880056CD88 /* LastWeight.app */;
			productType = "com.apple.product-type.application";
		};
		EC4EADFC2D9810890056CD88 /* LastWeightTests */ = {
			isa = PBXNativeTarget;
			buildConfigurationList = EC4EAE142D9810890056CD88 /* Build configuration list for PBXNativeTarget "LastWeightTests" */;
			buildPhases = (
				EC4EADF92D9810890056CD88 /* Sources */,
				EC4EADFA2D9810890056CD88 /* Frameworks */,
				EC4EADFB2D9810890056CD88 /* Resources */,
			);
			buildRules = (
			);
			dependencies = (
				EC4EADFF2D9810890056CD88 /* PBXTargetDependency */,
			);
			fileSystemSynchronizedGroups = (
				EC4EAE002D9810890056CD88 /* LastWeightTests */,
			);
			name = LastWeightTests;
			packageProductDependencies = (
			);
			productName = LastWeightTests;
			productReference = EC4EADFD2D9810890056CD88 /* LastWeightTests.xctest */;
			productType = "com.apple.product-type.bundle.unit-test";
		};
		EC4EAE062D9810890056CD88 /* LastWeightUITests */ = {
			isa = PBXNativeTarget;
			buildConfigurationList = EC4EAE172D9810890056CD88 /* Build configuration list for PBXNativeTarget "LastWeightUITests" */;
			buildPhases = (
				EC4EAE032D9810890056CD88 /* Sources */,
				EC4EAE042D9810890056CD88 /* Frameworks */,
				EC4EAE052D9810890056CD88 /* Resources */,
			);
			buildRules = (
			);
			dependencies = (
				EC4EAE092D9810890056CD88 /* PBXTargetDependency */,
			);
			fileSystemSynchronizedGroups = (
				EC4EAE0A2D9810890056CD88 /* LastWeightUITests */,
			);
			name = LastWeightUITests;
			packageProductDependencies = (
			);
			productName = LastWeightUITests;
			productReference = EC4EAE072D9810890056CD88 /* LastWeightUITests.xctest */;
			productType = "com.apple.product-type.bundle.ui-testing";
		};
/* End PBXNativeTarget section */

/* Begin PBXProject section */
		EC4EADE52D9810880056CD88 /* Project object */ = {
			isa = PBXProject;
			attributes = {
				BuildIndependentTargetsInParallel = 1;
				LastSwiftUpdateCheck = 1620;
				LastUpgradeCheck = 1620;
				TargetAttributes = {
					EC4EADEC2D9810880056CD88 = {
						CreatedOnToolsVersion = 16.2;
					};
					EC4EADFC2D9810890056CD88 = {
						CreatedOnToolsVersion = 16.2;
						TestTargetID = EC4EADEC2D9810880056CD88;
					};
					EC4EAE062D9810890056CD88 = {
						CreatedOnToolsVersion = 16.2;
						TestTargetID = EC4EADEC2D9810880056CD88;
					};
				};
			};
			buildConfigurationList = EC4EADE82D9810880056CD88 /* Build configuration list for PBXProject "LastWeight" */;
			developmentRegion = en;
			hasScannedForEncodings = 0;
			knownRegions = (
				en,
				Base,
			);
			mainGroup = EC4EADE42D9810880056CD88;
			minimizedProjectReferenceProxies = 1;
			preferredProjectObjectVersion = 77;
			productRefGroup = EC4EADEE2D9810880056CD88 /* Products */;
			projectDirPath = "";
			projectRoot = "";
			targets = (
				EC4EADEC2D9810880056CD88 /* LastWeight */,
				EC4EADFC2D9810890056CD88 /* LastWeightTests */,
				EC4EAE062D9810890056CD88 /* LastWeightUITests */,
			);
		};
/* End PBXProject section */

/* Begin PBXResourcesBuildPhase section */
		EC4EADEB2D9810880056CD88 /* Resources */ = {
			isa = PBXResourcesBuildPhase;
			buildActionMask = 2147483647;
			files = (
			);
			runOnlyForDeploymentPostprocessing = 0;
		};
		EC4EADFB2D9810890056CD88 /* Resources */ = {
			isa = PBXResourcesBuildPhase;
			buildActionMask = 2147483647;
			files = (
			);
			runOnlyForDeploymentPostprocessing = 0;
		};
		EC4EAE052D9810890056CD88 /* Resources */ = {
			isa = PBXResourcesBuildPhase;
			buildActionMask = 2147483647;
			files = (
			);
			runOnlyForDeploymentPostprocessing = 0;
		};
/* End PBXResourcesBuildPhase section */

/* Begin PBXSourcesBuildPhase section */
		EC4EADE92D9810880056CD88 /* Sources */ = {
			isa = PBXSourcesBuildPhase;
			buildActionMask = 2147483647;
			files = (
			);
			runOnlyForDeploymentPostprocessing = 0;
		};
		EC4EADF92D9810890056CD88 /* Sources */ = {
			isa = PBXSourcesBuildPhase;
			buildActionMask = 2147483647;
			files = (
			);
			runOnlyForDeploymentPostprocessing = 0;
		};
		EC4EAE032D9810890056CD88 /* Sources */ = {
			isa = PBXSourcesBuildPhase;
			buildActionMask = 2147483647;
			files = (
			);
			runOnlyForDeploymentPostprocessing = 0;
		};
/* End PBXSourcesBuildPhase section */

/* Begin PBXTargetDependency section */
		EC4EADFF2D9810890056CD88 /* PBXTargetDependency */ = {
			isa = PBXTargetDependency;
			target = EC4EADEC2D9810880056CD88 /* LastWeight */;
			targetProxy = EC4EADFE2D9810890056CD88 /* PBXContainerItemProxy */;
		};
		EC4EAE092D9810890056CD88 /* PBXTargetDependency */ = {
			isa = PBXTargetDependency;
			target = EC4EADEC2D9810880056CD88 /* LastWeight */;
			targetProxy = EC4EAE082D9810890056CD88 /* PBXContainerItemProxy */;
		};
/* End PBXTargetDependency section */

/* Begin XCBuildConfiguration section */
		EC4EAE0F2D9810890056CD88 /* Debug */ = {
			isa = XCBuildConfiguration;
			buildSettings = {
				ALWAYS_SEARCH_USER_PATHS = NO;
				ASSETCATALOG_COMPILER_GENERATE_SWIFT_ASSET_SYMBOL_EXTENSIONS = YES;
				CLANG_ANALYZER_NONNULL = YES;
				CLANG_ANALYZER_NUMBER_OBJECT_CONVERSION = YES_AGGRESSIVE;
				CLANG_CXX_LANGUAGE_STANDARD = "gnu++20";
				CLANG_ENABLE_MODULES = YES;
				CLANG_ENABLE_OBJC_ARC = YES;
				CLANG_ENABLE_OBJC_WEAK = YES;
				CLANG_WARN_BLOCK_CAPTURE_AUTORELEASING = YES;
				CLANG_WARN_BOOL_CONVERSION = YES;
				CLANG_WARN_COMMA = YES;
				CLANG_WARN_CONSTANT_CONVERSION = YES;
				CLANG_WARN_DEPRECATED_OBJC_IMPLEMENTATIONS = YES;
				CLANG_WARN_DIRECT_OBJC_ISA_USAGE = YES_ERROR;
				CLANG_WARN_DOCUMENTATION_COMMENTS = YES;
				CLANG_WARN_EMPTY_BODY = YES;
				CLANG_WARN_ENUM_CONVERSION = YES;
				CLANG_WARN_INFINITE_RECURSION = YES;
				CLANG_WARN_INT_CONVERSION = YES;
				CLANG_WARN_NON_LITERAL_NULL_CONVERSION = YES;
				CLANG_WARN_OBJC_IMPLICIT_RETAIN_SELF = YES;
				CLANG_WARN_OBJC_LITERAL_CONVERSION = YES;
				CLANG_WARN_OBJC_ROOT_CLASS = YES_ERROR;
				CLANG_WARN_QUOTED_INCLUDE_IN_FRAMEWORK_HEADER = YES;
				CLANG_WARN_RANGE_LOOP_ANALYSIS = YES;
				CLANG_WARN_STRICT_PROTOTYPES = YES;
				CLANG_WARN_SUSPICIOUS_MOVE = YES;
				CLANG_WARN_UNGUARDED_AVAILABILITY = YES_AGGRESSIVE;
				CLANG_WARN_UNREACHABLE_CODE = YES;
				CLANG_WARN__DUPLICATE_METHOD_MATCH = YES;
				COPY_PHASE_STRIP = NO;
				DEBUG_INFORMATION_FORMAT = dwarf;
				ENABLE_STRICT_OBJC_MSGSEND = YES;
				ENABLE_TESTABILITY = YES;
				ENABLE_USER_SCRIPT_SANDBOXING = YES;
				GCC_C_LANGUAGE_STANDARD = gnu17;
				GCC_DYNAMIC_NO_PIC = NO;
				GCC_NO_COMMON_BLOCKS = YES;
				GCC_OPTIMIZATION_LEVEL = 0;
				GCC_PREPROCESSOR_DEFINITIONS = (
					"DEBUG=1",
					"$(inherited)",
				);
				GCC_WARN_64_TO_32_BIT_CONVERSION = YES;
				GCC_WARN_ABOUT_RETURN_TYPE = YES_ERROR;
				GCC_WARN_UNDECLARED_SELECTOR = YES;
				GCC_WARN_UNINITIALIZED_AUTOS = YES_AGGRESSIVE;
				GCC_WARN_UNUSED_FUNCTION = YES;
				GCC_WARN_UNUSED_VARIABLE = YES;
				IPHONEOS_DEPLOYMENT_TARGET = 18.2;
				LOCALIZATION_PREFERS_STRING_CATALOGS = YES;
				MTL_ENABLE_DEBUG_INFO = INCLUDE_SOURCE;
				MTL_FAST_MATH = YES;
				ONLY_ACTIVE_ARCH = YES;
				SDKROOT = iphoneos;
				SWIFT_ACTIVE_COMPILATION_CONDITIONS = "DEBUG $(inherited)";
				SWIFT_OPTIMIZATION_LEVEL = "-Onone";
			};
			name = Debug;
		};
		EC4EAE102D9810890056CD88 /* Release */ = {
			isa = XCBuildConfiguration;
			buildSettings = {
				ALWAYS_SEARCH_USER_PATHS = NO;
				ASSETCATALOG_COMPILER_GENERATE_SWIFT_ASSET_SYMBOL_EXTENSIONS = YES;
				CLANG_ANALYZER_NONNULL = YES;
				CLANG_ANALYZER_NUMBER_OBJECT_CONVERSION = YES_AGGRESSIVE;
				CLANG_CXX_LANGUAGE_STANDARD = "gnu++20";
				CLANG_ENABLE_MODULES = YES;
				CLANG_ENABLE_OBJC_ARC = YES;
				CLANG_ENABLE_OBJC_WEAK = YES;
				CLANG_WARN_BLOCK_CAPTURE_AUTORELEASING = YES;
				CLANG_WARN_BOOL_CONVERSION = YES;
				CLANG_WARN_COMMA = YES;
				CLANG_WARN_CONSTANT_CONVERSION = YES;
				CLANG_WARN_DEPRECATED_OBJC_IMPLEMENTATIONS = YES;
				CLANG_WARN_DIRECT_OBJC_ISA_USAGE = YES_ERROR;
				CLANG_WARN_DOCUMENTATION_COMMENTS = YES;
				CLANG_WARN_EMPTY_BODY = YES;
				CLANG_WARN_ENUM_CONVERSION = YES;
				CLANG_WARN_INFINITE_RECURSION = YES;
				CLANG_WARN_INT_CONVERSION = YES;
				CLANG_WARN_NON_LITERAL_NULL_CONVERSION = YES;
				CLANG_WARN_OBJC_IMPLICIT_RETAIN_SELF = YES;
				CLANG_WARN_OBJC_LITERAL_CONVERSION = YES;
				CLANG_WARN_OBJC_ROOT_CLASS = YES_ERROR;
				CLANG_WARN_QUOTED_INCLUDE_IN_FRAMEWORK_HEADER = YES;
				CLANG_WARN_RANGE_LOOP_ANALYSIS = YES;
				CLANG_WARN_STRICT_PROTOTYPES = YES;
				CLANG_WARN_SUSPICIOUS_MOVE = YES;
				CLANG_WARN_UNGUARDED_AVAILABILITY = YES_AGGRESSIVE;
				CLANG_WARN_UNREACHABLE_CODE = YES;
				CLANG_WARN__DUPLICATE_METHOD_MATCH = YES;
				COPY_PHASE_STRIP = NO;
				DEBUG_INFORMATION_FORMAT = "dwarf-with-dsym";
				ENABLE_NS_ASSERTIONS = NO;
				ENABLE_STRICT_OBJC_MSGSEND = YES;
				ENABLE_USER_SCRIPT_SANDBOXING = YES;
				GCC_C_LANGUAGE_STANDARD = gnu17;
				GCC_NO_COMMON_BLOCKS = YES;
				GCC_WARN_64_TO_32_BIT_CONVERSION = YES;
				GCC_WARN_ABOUT_RETURN_TYPE = YES_ERROR;
				GCC_WARN_UNDECLARED_SELECTOR = YES;
				GCC_WARN_UNINITIALIZED_AUTOS = YES_AGGRESSIVE;
				GCC_WARN_UNUSED_FUNCTION = YES;
				GCC_WARN_UNUSED_VARIABLE = YES;
				IPHONEOS_DEPLOYMENT_TARGET = 18.2;
				LOCALIZATION_PREFERS_STRING_CATALOGS = YES;
				MTL_ENABLE_DEBUG_INFO = NO;
				MTL_FAST_MATH = YES;
				SDKROOT = iphoneos;
				SWIFT_COMPILATION_MODE = wholemodule;
				VALIDATE_PRODUCT = YES;
			};
			name = Release;
		};
		EC4EAE122D9810890056CD88 /* Debug */ = {
			isa = XCBuildConfiguration;
			buildSettings = {
				ASSETCATALOG_COMPILER_APPICON_NAME = AppIcon;
				ASSETCATALOG_COMPILER_GLOBAL_ACCENT_COLOR_NAME = AccentColor;
				CODE_SIGN_ENTITLEMENTS = LastWeight/LastWeight.entitlements;
				CODE_SIGN_STYLE = Automatic;
				CURRENT_PROJECT_VERSION = 1;
				DEVELOPMENT_ASSET_PATHS = "\"LastWeight/Preview Content\"";
				DEVELOPMENT_TEAM = VFXWZBQ6Q6;
				ENABLE_PREVIEWS = YES;
				GENERATE_INFOPLIST_FILE = YES;
				INFOPLIST_FILE = LastWeight/Info.plist;
				INFOPLIST_KEY_CFBundleDisplayName = "Last App";
				INFOPLIST_KEY_UIApplicationSceneManifest_Generation = YES;
				INFOPLIST_KEY_UIApplicationSupportsIndirectInputEvents = YES;
				INFOPLIST_KEY_UILaunchScreen_Generation = YES;
				INFOPLIST_KEY_UISupportedInterfaceOrientations_iPad = "UIInterfaceOrientationPortrait UIInterfaceOrientationPortraitUpsideDown UIInterfaceOrientationLandscapeLeft UIInterfaceOrientationLandscapeRight";
				INFOPLIST_KEY_UISupportedInterfaceOrientations_iPhone = "UIInterfaceOrientationPortrait UIInterfaceOrientationLandscapeLeft UIInterfaceOrientationLandscapeRight";
				LD_RUNPATH_SEARCH_PATHS = (
					"$(inherited)",
					"@executable_path/Frameworks",
				);
				MARKETING_VERSION = 1.0;
				PRODUCT_BUNDLE_IDENTIFIER = com.markjames.lastweight.dev.LastWeight;
				PRODUCT_NAME = "$(TARGET_NAME)";
				SWIFT_EMIT_LOC_STRINGS = YES;
				SWIFT_VERSION = 5.0;
				TARGETED_DEVICE_FAMILY = "1,2";
			};
			name = Debug;
		};
		EC4EAE132D9810890056CD88 /* Release */ = {
			isa = XCBuildConfiguration;
			buildSettings = {
				ASSETCATALOG_COMPILER_APPICON_NAME = AppIcon;
				ASSETCATALOG_COMPILER_GLOBAL_ACCENT_COLOR_NAME = AccentColor;
				CODE_SIGN_ENTITLEMENTS = LastWeight/LastWeight.entitlements;
				CODE_SIGN_STYLE = Automatic;
				CURRENT_PROJECT_VERSION = 1;
				DEVELOPMENT_ASSET_PATHS = "\"LastWeight/Preview Content\"";
				DEVELOPMENT_TEAM = VFXWZBQ6Q6;
				ENABLE_PREVIEWS = YES;
				GENERATE_INFOPLIST_FILE = YES;
				INFOPLIST_FILE = LastWeight/Info.plist;
				INFOPLIST_KEY_CFBundleDisplayName = "Last App";
				INFOPLIST_KEY_UIApplicationSceneManifest_Generation = YES;
				INFOPLIST_KEY_UIApplicationSupportsIndirectInputEvents = YES;
				INFOPLIST_KEY_UILaunchScreen_Generation = YES;
				INFOPLIST_KEY_UISupportedInterfaceOrientations_iPad = "UIInterfaceOrientationPortrait UIInterfaceOrientationPortraitUpsideDown UIInterfaceOrientationLandscapeLeft UIInterfaceOrientationLandscapeRight";
				INFOPLIST_KEY_UISupportedInterfaceOrientations_iPhone = "UIInterfaceOrientationPortrait UIInterfaceOrientationLandscapeLeft UIInterfaceOrientationLandscapeRight";
				LD_RUNPATH_SEARCH_PATHS = (
					"$(inherited)",
					"@executable_path/Frameworks",
				);
				MARKETING_VERSION = 1.0;
				PRODUCT_BUNDLE_IDENTIFIER = com.markjames.lastweight.dev.LastWeight;
				PRODUCT_NAME = "$(TARGET_NAME)";
				SWIFT_EMIT_LOC_STRINGS = YES;
				SWIFT_VERSION = 5.0;
				TARGETED_DEVICE_FAMILY = "1,2";
			};
			name = Release;
		};
		EC4EAE152D9810890056CD88 /* Debug */ = {
			isa = XCBuildConfiguration;
			buildSettings = {
				BUNDLE_LOADER = "$(TEST_HOST)";
				CODE_SIGN_STYLE = Automatic;
				CURRENT_PROJECT_VERSION = 1;
				GENERATE_INFOPLIST_FILE = YES;
				IPHONEOS_DEPLOYMENT_TARGET = 18.2;
				MARKETING_VERSION = 1.0;
				PRODUCT_BUNDLE_IDENTIFIER = com.markjames.lastweight.dev.LastWeightTests;
				PRODUCT_NAME = "$(TARGET_NAME)";
				SWIFT_EMIT_LOC_STRINGS = NO;
				SWIFT_VERSION = 5.0;
				TARGETED_DEVICE_FAMILY = "1,2";
				TEST_HOST = "$(BUILT_PRODUCTS_DIR)/LastWeight.app/$(BUNDLE_EXECUTABLE_FOLDER_PATH)/LastWeight";
			};
			name = Debug;
		};
		EC4EAE162D9810890056CD88 /* Release */ = {
			isa = XCBuildConfiguration;
			buildSettings = {
				BUNDLE_LOADER = "$(TEST_HOST)";
				CODE_SIGN_STYLE = Automatic;
				CURRENT_PROJECT_VERSION = 1;
				GENERATE_INFOPLIST_FILE = YES;
				IPHONEOS_DEPLOYMENT_TARGET = 18.2;
				MARKETING_VERSION = 1.0;
				PRODUCT_BUNDLE_IDENTIFIER = com.markjames.lastweight.dev.LastWeightTests;
				PRODUCT_NAME = "$(TARGET_NAME)";
				SWIFT_EMIT_LOC_STRINGS = NO;
				SWIFT_VERSION = 5.0;
				TARGETED_DEVICE_FAMILY = "1,2";
				TEST_HOST = "$(BUILT_PRODUCTS_DIR)/LastWeight.app/$(BUNDLE_EXECUTABLE_FOLDER_PATH)/LastWeight";
			};
			name = Release;
		};
		EC4EAE182D9810890056CD88 /* Debug */ = {
			isa = XCBuildConfiguration;
			buildSettings = {
				CODE_SIGN_STYLE = Automatic;
				CURRENT_PROJECT_VERSION = 1;
				GENERATE_INFOPLIST_FILE = YES;
				MARKETING_VERSION = 1.0;
				PRODUCT_BUNDLE_IDENTIFIER = com.markjames.lastweight.dev.LastWeightUITests;
				PRODUCT_NAME = "$(TARGET_NAME)";
				SWIFT_EMIT_LOC_STRINGS = NO;
				SWIFT_VERSION = 5.0;
				TARGETED_DEVICE_FAMILY = "1,2";
				TEST_TARGET_NAME = LastWeight;
			};
			name = Debug;
		};
		EC4EAE192D9810890056CD88 /* Release */ = {
			isa = XCBuildConfiguration;
			buildSettings = {
				CODE_SIGN_STYLE = Automatic;
				CURRENT_PROJECT_VERSION = 1;
				GENERATE_INFOPLIST_FILE = YES;
				MARKETING_VERSION = 1.0;
				PRODUCT_BUNDLE_IDENTIFIER = com.markjames.lastweight.dev.LastWeightUITests;
				PRODUCT_NAME = "$(TARGET_NAME)";
				SWIFT_EMIT_LOC_STRINGS = NO;
				SWIFT_VERSION = 5.0;
				TARGETED_DEVICE_FAMILY = "1,2";
				TEST_TARGET_NAME = LastWeight;
			};
			name = Release;
		};
/* End XCBuildConfiguration section */

/* Begin XCConfigurationList section */
		EC4EADE82D9810880056CD88 /* Build configuration list for PBXProject "LastWeight" */ = {
			isa = XCConfigurationList;
			buildConfigurations = (
				EC4EAE0F2D9810890056CD88 /* Debug */,
				EC4EAE102D9810890056CD88 /* Release */,
			);
			defaultConfigurationIsVisible = 0;
			defaultConfigurationName = Release;
		};
		EC4EAE112D9810890056CD88 /* Build configuration list for PBXNativeTarget "LastWeight" */ = {
			isa = XCConfigurationList;
			buildConfigurations = (
				EC4EAE122D9810890056CD88 /* Debug */,
				EC4EAE132D9810890056CD88 /* Release */,
			);
			defaultConfigurationIsVisible = 0;
			defaultConfigurationName = Release;
		};
		EC4EAE142D9810890056CD88 /* Build configuration list for PBXNativeTarget "LastWeightTests" */ = {
			isa = XCConfigurationList;
			buildConfigurations = (
				EC4EAE152D9810890056CD88 /* Debug */,
				EC4EAE162D9810890056CD88 /* Release */,
			);
			defaultConfigurationIsVisible = 0;
			defaultConfigurationName = Release;
		};
		EC4EAE172D9810890056CD88 /* Build configuration list for PBXNativeTarget "LastWeightUITests" */ = {
			isa = XCConfigurationList;
			buildConfigurations = (
				EC4EAE182D9810890056CD88 /* Debug */,
				EC4EAE192D9810890056CD88 /* Release */,
			);
			defaultConfigurationIsVisible = 0;
			defaultConfigurationName = Release;
		};
/* End XCConfigurationList section */
	};
	rootObject = EC4EADE52D9810880056CD88 /* Project object */;
}
